// !$*UTF8*$!
{
	archiveVersion = 1;
	classes = {
	};
	objectVersion = 50;
	objects = {

/* Begin PBXBuildFile section */
		A14DD36022D1F662009D5A3F /* TodoDetailTableViewController.swift in Sources */ = {isa = PBXBuildFile; fileRef = A14DD35F22D1F662009D5A3F /* TodoDetailTableViewController.swift */; };
		A158F9A022D1BCC100E1F6DF /* AppDelegate.swift in Sources */ = {isa = PBXBuildFile; fileRef = A158F99F22D1BCC100E1F6DF /* AppDelegate.swift */; };
		A158F9A222D1BCC100E1F6DF /* TodoListContorller.swift in Sources */ = {isa = PBXBuildFile; fileRef = A158F9A122D1BCC100E1F6DF /* TodoListContorller.swift */; };
		A158F9A522D1BCC100E1F6DF /* Main.storyboard in Resources */ = {isa = PBXBuildFile; fileRef = A158F9A322D1BCC100E1F6DF /* Main.storyboard */; };
		A158F9A722D1BCC300E1F6DF /* Assets.xcassets in Resources */ = {isa = PBXBuildFile; fileRef = A158F9A622D1BCC300E1F6DF /* Assets.xcassets */; };
		A158F9AA22D1BCC300E1F6DF /* LaunchScreen.storyboard in Resources */ = {isa = PBXBuildFile; fileRef = A158F9A822D1BCC300E1F6DF /* LaunchScreen.storyboard */; };
		A158F9B522D1BCC400E1F6DF /* TodolistTests.swift in Sources */ = {isa = PBXBuildFile; fileRef = A158F9B422D1BCC400E1F6DF /* TodolistTests.swift */; };
		A158F9C022D1BCC400E1F6DF /* TodolistUITests.swift in Sources */ = {isa = PBXBuildFile; fileRef = A158F9BF22D1BCC400E1F6DF /* TodolistUITests.swift */; };
		A158F9CE22D1BD7400E1F6DF /* TodoTableViewCell.swift in Sources */ = {isa = PBXBuildFile; fileRef = A158F9CD22D1BD7400E1F6DF /* TodoTableViewCell.swift */; };
		A158F9D022D1BFA500E1F6DF /* TodoList.swift in Sources */ = {isa = PBXBuildFile; fileRef = A158F9CF22D1BFA500E1F6DF /* TodoList.swift */; };
		A158F9D222D1BFF100E1F6DF /* Todo.swift in Sources */ = {isa = PBXBuildFile; fileRef = A158F9D122D1BFF100E1F6DF /* Todo.swift */; };
/* End PBXBuildFile section */

/* Begin PBXContainerItemProxy section */
		A158F9B122D1BCC400E1F6DF /* PBXContainerItemProxy */ = {
			isa = PBXContainerItemProxy;
			containerPortal = A158F99422D1BCC100E1F6DF /* Project object */;
			proxyType = 1;
			remoteGlobalIDString = A158F99B22D1BCC100E1F6DF;
			remoteInfo = Todolist;
		};
		A158F9BC22D1BCC400E1F6DF /* PBXContainerItemProxy */ = {
			isa = PBXContainerItemProxy;
			containerPortal = A158F99422D1BCC100E1F6DF /* Project object */;
			proxyType = 1;
			remoteGlobalIDString = A158F99B22D1BCC100E1F6DF;
			remoteInfo = Todolist;
		};
/* End PBXContainerItemProxy section */

/* Begin PBXFileReference section */
		A14DD35F22D1F662009D5A3F /* TodoDetailTableViewController.swift */ = {isa = PBXFileReference; lastKnownFileType = sourcecode.swift; path = TodoDetailTableViewController.swift; sourceTree = "<group>"; };
		A158F99C22D1BCC100E1F6DF /* Todolist.app */ = {isa = PBXFileReference; explicitFileType = wrapper.application; includeInIndex = 0; path = Todolist.app; sourceTree = BUILT_PRODUCTS_DIR; };
		A158F99F22D1BCC100E1F6DF /* AppDelegate.swift */ = {isa = PBXFileReference; lastKnownFileType = sourcecode.swift; path = AppDelegate.swift; sourceTree = "<group>"; };
		A158F9A122D1BCC100E1F6DF /* TodoListContorller.swift */ = {isa = PBXFileReference; lastKnownFileType = sourcecode.swift; path = TodoListContorller.swift; sourceTree = "<group>"; };
		A158F9A422D1BCC100E1F6DF /* Base */ = {isa = PBXFileReference; lastKnownFileType = file.storyboard; name = Base; path = Base.lproj/Main.storyboard; sourceTree = "<group>"; };
		A158F9A622D1BCC300E1F6DF /* Assets.xcassets */ = {isa = PBXFileReference; lastKnownFileType = folder.assetcatalog; path = Assets.xcassets; sourceTree = "<group>"; };
		A158F9A922D1BCC300E1F6DF /* Base */ = {isa = PBXFileReference; lastKnownFileType = file.storyboard; name = Base; path = Base.lproj/LaunchScreen.storyboard; sourceTree = "<group>"; };
		A158F9AB22D1BCC300E1F6DF /* Info.plist */ = {isa = PBXFileReference; lastKnownFileType = text.plist.xml; path = Info.plist; sourceTree = "<group>"; };
		A158F9B022D1BCC400E1F6DF /* TodolistTests.xctest */ = {isa = PBXFileReference; explicitFileType = wrapper.cfbundle; includeInIndex = 0; path = TodolistTests.xctest; sourceTree = BUILT_PRODUCTS_DIR; };
		A158F9B422D1BCC400E1F6DF /* TodolistTests.swift */ = {isa = PBXFileReference; lastKnownFileType = sourcecode.swift; path = TodolistTests.swift; sourceTree = "<group>"; };
		A158F9B622D1BCC400E1F6DF /* Info.plist */ = {isa = PBXFileReference; lastKnownFileType = text.plist.xml; path = Info.plist; sourceTree = "<group>"; };
		A158F9BB22D1BCC400E1F6DF /* TodolistUITests.xctest */ = {isa = PBXFileReference; explicitFileType = wrapper.cfbundle; includeInIndex = 0; path = TodolistUITests.xctest; sourceTree = BUILT_PRODUCTS_DIR; };
		A158F9BF22D1BCC400E1F6DF /* TodolistUITests.swift */ = {isa = PBXFileReference; lastKnownFileType = sourcecode.swift; path = TodolistUITests.swift; sourceTree = "<group>"; };
		A158F9C122D1BCC400E1F6DF /* Info.plist */ = {isa = PBXFileReference; lastKnownFileType = text.plist.xml; path = Info.plist; sourceTree = "<group>"; };
		A158F9CD22D1BD7400E1F6DF /* TodoTableViewCell.swift */ = {isa = PBXFileReference; lastKnownFileType = sourcecode.swift; path = TodoTableViewCell.swift; sourceTree = "<group>"; };
		A158F9CF22D1BFA500E1F6DF /* TodoList.swift */ = {isa = PBXFileReference; lastKnownFileType = sourcecode.swift; name = TodoList.swift; path = models/TodoList.swift; sourceTree = "<group>"; };
		A158F9D122D1BFF100E1F6DF /* Todo.swift */ = {isa = PBXFileReference; lastKnownFileType = sourcecode.swift; name = Todo.swift; path = models/Todo.swift; sourceTree = "<group>"; };
/* End PBXFileReference section */

/* Begin PBXFrameworksBuildPhase section */
		A158F99922D1BCC100E1F6DF /* Frameworks */ = {
			isa = PBXFrameworksBuildPhase;
			buildActionMask = 2147483647;
			files = (
			);
			runOnlyForDeploymentPostprocessing = 0;
		};
		A158F9AD22D1BCC400E1F6DF /* Frameworks */ = {
			isa = PBXFrameworksBuildPhase;
			buildActionMask = 2147483647;
			files = (
			);
			runOnlyForDeploymentPostprocessing = 0;
		};
		A158F9B822D1BCC400E1F6DF /* Frameworks */ = {
			isa = PBXFrameworksBuildPhase;
			buildActionMask = 2147483647;
			files = (
			);
			runOnlyForDeploymentPostprocessing = 0;
		};
/* End PBXFrameworksBuildPhase section */

/* Begin PBXGroup section */
		A158F99322D1BCC100E1F6DF = {
			isa = PBXGroup;
			children = (
				A158F99E22D1BCC100E1F6DF /* Todolist */,
				A158F9B322D1BCC400E1F6DF /* TodolistTests */,
				A158F9BE22D1BCC400E1F6DF /* TodolistUITests */,
				A158F99D22D1BCC100E1F6DF /* Products */,
			);
			sourceTree = "<group>";
		};
		A158F99D22D1BCC100E1F6DF /* Products */ = {
			isa = PBXGroup;
			children = (
				A158F99C22D1BCC100E1F6DF /* Todolist.app */,
				A158F9B022D1BCC400E1F6DF /* TodolistTests.xctest */,
				A158F9BB22D1BCC400E1F6DF /* TodolistUITests.xctest */,
			);
			name = Products;
			sourceTree = "<group>";
		};
		A158F99E22D1BCC100E1F6DF /* Todolist */ = {
			isa = PBXGroup;
			children = (
				A158F99F22D1BCC100E1F6DF /* AppDelegate.swift */,
				A158F9A122D1BCC100E1F6DF /* TodoListContorller.swift */,
				A158F9A322D1BCC100E1F6DF /* Main.storyboard */,
				A158F9A622D1BCC300E1F6DF /* Assets.xcassets */,
				A158F9A822D1BCC300E1F6DF /* LaunchScreen.storyboard */,
				A158F9AB22D1BCC300E1F6DF /* Info.plist */,
				A158F9CD22D1BD7400E1F6DF /* TodoTableViewCell.swift */,
				A158F9CF22D1BFA500E1F6DF /* TodoList.swift */,
				A158F9D122D1BFF100E1F6DF /* Todo.swift */,
				A14DD35F22D1F662009D5A3F /* TodoDetailTableViewController.swift */,
			);
			path = Todolist;
			sourceTree = "<group>";
		};
		A158F9B322D1BCC400E1F6DF /* TodolistTests */ = {
			isa = PBXGroup;
			children = (
				A158F9B422D1BCC400E1F6DF /* TodolistTests.swift */,
				A158F9B622D1BCC400E1F6DF /* Info.plist */,
			);
			path = TodolistTests;
			sourceTree = "<group>";
		};
		A158F9BE22D1BCC400E1F6DF /* TodolistUITests */ = {
			isa = PBXGroup;
			children = (
				A158F9BF22D1BCC400E1F6DF /* TodolistUITests.swift */,
				A158F9C122D1BCC400E1F6DF /* Info.plist */,
			);
			path = TodolistUITests;
			sourceTree = "<group>";
		};
/* End PBXGroup section */

/* Begin PBXNativeTarget section */
		A158F99B22D1BCC100E1F6DF /* Todolist */ = {
			isa = PBXNativeTarget;
			buildConfigurationList = A158F9C422D1BCC400E1F6DF /* Build configuration list for PBXNativeTarget "Todolist" */;
			buildPhases = (
				A158F99822D1BCC100E1F6DF /* Sources */,
				A158F99922D1BCC100E1F6DF /* Frameworks */,
				A158F99A22D1BCC100E1F6DF /* Resources */,
			);
			buildRules = (
			);
			dependencies = (
			);
			name = Todolist;
			productName = Todolist;
			productReference = A158F99C22D1BCC100E1F6DF /* Todolist.app */;
			productType = "com.apple.product-type.application";
		};
		A158F9AF22D1BCC400E1F6DF /* TodolistTests */ = {
			isa = PBXNativeTarget;
			buildConfigurationList = A158F9C722D1BCC400E1F6DF /* Build configuration list for PBXNativeTarget "TodolistTests" */;
			buildPhases = (
				A158F9AC22D1BCC400E1F6DF /* Sources */,
				A158F9AD22D1BCC400E1F6DF /* Frameworks */,
				A158F9AE22D1BCC400E1F6DF /* Resources */,
			);
			buildRules = (
			);
			dependencies = (
				A158F9B222D1BCC400E1F6DF /* PBXTargetDependency */,
			);
			name = TodolistTests;
			productName = TodolistTests;
			productReference = A158F9B022D1BCC400E1F6DF /* TodolistTests.xctest */;
			productType = "com.apple.product-type.bundle.unit-test";
		};
		A158F9BA22D1BCC400E1F6DF /* TodolistUITests */ = {
			isa = PBXNativeTarget;
			buildConfigurationList = A158F9CA22D1BCC400E1F6DF /* Build configuration list for PBXNativeTarget "TodolistUITests" */;
			buildPhases = (
				A158F9B722D1BCC400E1F6DF /* Sources */,
				A158F9B822D1BCC400E1F6DF /* Frameworks */,
				A158F9B922D1BCC400E1F6DF /* Resources */,
			);
			buildRules = (
			);
			dependencies = (
				A158F9BD22D1BCC400E1F6DF /* PBXTargetDependency */,
			);
			name = TodolistUITests;
			productName = TodolistUITests;
			productReference = A158F9BB22D1BCC400E1F6DF /* TodolistUITests.xctest */;
			productType = "com.apple.product-type.bundle.ui-testing";
		};
/* End PBXNativeTarget section */

/* Begin PBXProject section */
		A158F99422D1BCC100E1F6DF /* Project object */ = {
			isa = PBXProject;
			attributes = {
				LastSwiftUpdateCheck = 1020;
				LastUpgradeCheck = 1020;
				ORGANIZATIONNAME = jellyms;
				TargetAttributes = {
					A158F99B22D1BCC100E1F6DF = {
						CreatedOnToolsVersion = 10.2.1;
					};
					A158F9AF22D1BCC400E1F6DF = {
						CreatedOnToolsVersion = 10.2.1;
						TestTargetID = A158F99B22D1BCC100E1F6DF;
					};
					A158F9BA22D1BCC400E1F6DF = {
						CreatedOnToolsVersion = 10.2.1;
						TestTargetID = A158F99B22D1BCC100E1F6DF;
					};
				};
			};
			buildConfigurationList = A158F99722D1BCC100E1F6DF /* Build configuration list for PBXProject "Todolist" */;
			compatibilityVersion = "Xcode 9.3";
			developmentRegion = en;
			hasScannedForEncodings = 0;
			knownRegions = (
				en,
				Base,
			);
			mainGroup = A158F99322D1BCC100E1F6DF;
			productRefGroup = A158F99D22D1BCC100E1F6DF /* Products */;
			projectDirPath = "";
			projectRoot = "";
			targets = (
				A158F99B22D1BCC100E1F6DF /* Todolist */,
				A158F9AF22D1BCC400E1F6DF /* TodolistTests */,
				A158F9BA22D1BCC400E1F6DF /* TodolistUITests */,
			);
		};
/* End PBXProject section */

/* Begin PBXResourcesBuildPhase section */
		A158F99A22D1BCC100E1F6DF /* Resources */ = {
			isa = PBXResourcesBuildPhase;
			buildActionMask = 2147483647;
			files = (
				A158F9AA22D1BCC300E1F6DF /* LaunchScreen.storyboard in Resources */,
				A158F9A722D1BCC300E1F6DF /* Assets.xcassets in Resources */,
				A158F9A522D1BCC100E1F6DF /* Main.storyboard in Resources */,
			);
			runOnlyForDeploymentPostprocessing = 0;
		};
		A158F9AE22D1BCC400E1F6DF /* Resources */ = {
			isa = PBXResourcesBuildPhase;
			buildActionMask = 2147483647;
			files = (
			);
			runOnlyForDeploymentPostprocessing = 0;
		};
		A158F9B922D1BCC400E1F6DF /* Resources */ = {
			isa = PBXResourcesBuildPhase;
			buildActionMask = 2147483647;
			files = (
			);
			runOnlyForDeploymentPostprocessing = 0;
		};
/* End PBXResourcesBuildPhase section */

/* Begin PBXSourcesBuildPhase section */
		A158F99822D1BCC100E1F6DF /* Sources */ = {
			isa = PBXSourcesBuildPhase;
			buildActionMask = 2147483647;
			files = (
				A14DD36022D1F662009D5A3F /* TodoDetailTableViewController.swift in Sources */,
				A158F9CE22D1BD7400E1F6DF /* TodoTableViewCell.swift in Sources */,
				A158F9A222D1BCC100E1F6DF /* TodoListContorller.swift in Sources */,
				A158F9A022D1BCC100E1F6DF /* AppDelegate.swift in Sources */,
				A158F9D022D1BFA500E1F6DF /* TodoList.swift in Sources */,
				A158F9D222D1BFF100E1F6DF /* Todo.swift in Sources */,
			);
			runOnlyForDeploymentPostprocessing = 0;
		};
		A158F9AC22D1BCC400E1F6DF /* Sources */ = {
			isa = PBXSourcesBuildPhase;
			buildActionMask = 2147483647;
			files = (
				A158F9B522D1BCC400E1F6DF /* TodolistTests.swift in Sources */,
			);
			runOnlyForDeploymentPostprocessing = 0;
		};
		A158F9B722D1BCC400E1F6DF /* Sources */ = {
			isa = PBXSourcesBuildPhase;
			buildActionMask = 2147483647;
			files = (
				A158F9C022D1BCC400E1F6DF /* TodolistUITests.swift in Sources */,
			);
			runOnlyForDeploymentPostprocessing = 0;
		};
/* End PBXSourcesBuildPhase section */

/* Begin PBXTargetDependency section */
		A158F9B222D1BCC400E1F6DF /* PBXTargetDependency */ = {
			isa = PBXTargetDependency;
			target = A158F99B22D1BCC100E1F6DF /* Todolist */;
			targetProxy = A158F9B122D1BCC400E1F6DF /* PBXContainerItemProxy */;
		};
		A158F9BD22D1BCC400E1F6DF /* PBXTargetDependency */ = {
			isa = PBXTargetDependency;
			target = A158F99B22D1BCC100E1F6DF /* Todolist */;
			targetProxy = A158F9BC22D1BCC400E1F6DF /* PBXContainerItemProxy */;
		};
/* End PBXTargetDependency section */

/* Begin PBXVariantGroup section */
		A158F9A322D1BCC100E1F6DF /* Main.storyboard */ = {
			isa = PBXVariantGroup;
			children = (
				A158F9A422D1BCC100E1F6DF /* Base */,
			);
			name = Main.storyboard;
			sourceTree = "<group>";
		};
		A158F9A822D1BCC300E1F6DF /* LaunchScreen.storyboard */ = {
			isa = PBXVariantGroup;
			children = (
				A158F9A922D1BCC300E1F6DF /* Base */,
			);
			name = LaunchScreen.storyboard;
			sourceTree = "<group>";
		};
/* End PBXVariantGroup section */

/* Begin XCBuildConfiguration section */
		A158F9C222D1BCC400E1F6DF /* Debug */ = {
			isa = XCBuildConfiguration;
			buildSettings = {
				ALWAYS_SEARCH_USER_PATHS = NO;
				CLANG_ANALYZER_NONNULL = YES;
				CLANG_ANALYZER_NUMBER_OBJECT_CONVERSION = YES_AGGRESSIVE;
				CLANG_CXX_LANGUAGE_STANDARD = "gnu++14";
				CLANG_CXX_LIBRARY = "libc++";
				CLANG_ENABLE_MODULES = YES;
				CLANG_ENABLE_OBJC_ARC = YES;
				CLANG_ENABLE_OBJC_WEAK = YES;
				CLANG_WARN_BLOCK_CAPTURE_AUTORELEASING = YES;
				CLANG_WARN_BOOL_CONVERSION = YES;
				CLANG_WARN_COMMA = YES;
				CLANG_WARN_CONSTANT_CONVERSION = YES;
				CLANG_WARN_DEPRECATED_OBJC_IMPLEMENTATIONS = YES;
				CLANG_WARN_DIRECT_OBJC_ISA_USAGE = YES_ERROR;
				CLANG_WARN_DOCUMENTATION_COMMENTS = YES;
				CLANG_WARN_EMPTY_BODY = YES;
				CLANG_WARN_ENUM_CONVERSION = YES;
				CLANG_WARN_INFINITE_RECURSION = YES;
				CLANG_WARN_INT_CONVERSION = YES;
				CLANG_WARN_NON_LITERAL_NULL_CONVERSION = YES;
				CLANG_WARN_OBJC_IMPLICIT_RETAIN_SELF = YES;
				CLANG_WARN_OBJC_LITERAL_CONVERSION = YES;
				CLANG_WARN_OBJC_ROOT_CLASS = YES_ERROR;
				CLANG_WARN_RANGE_LOOP_ANALYSIS = YES;
				CLANG_WARN_STRICT_PROTOTYPES = YES;
				CLANG_WARN_SUSPICIOUS_MOVE = YES;
				CLANG_WARN_UNGUARDED_AVAILABILITY = YES_AGGRESSIVE;
				CLANG_WARN_UNREACHABLE_CODE = YES;
				CLANG_WARN__DUPLICATE_METHOD_MATCH = YES;
				CODE_SIGN_IDENTITY = "iPhone Developer";
				COPY_PHASE_STRIP = NO;
				DEBUG_INFORMATION_FORMAT = dwarf;
				ENABLE_STRICT_OBJC_MSGSEND = YES;
				ENABLE_TESTABILITY = YES;
				GCC_C_LANGUAGE_STANDARD = gnu11;
				GCC_DYNAMIC_NO_PIC = NO;
				GCC_NO_COMMON_BLOCKS = YES;
				GCC_OPTIMIZATION_LEVEL = 0;
				GCC_PREPROCESSOR_DEFINITIONS = (
					"DEBUG=1",
					"$(inherited)",
				);
				GCC_WARN_64_TO_32_BIT_CONVERSION = YES;
				GCC_WARN_ABOUT_RETURN_TYPE = YES_ERROR;
				GCC_WARN_UNDECLARED_SELECTOR = YES;
				GCC_WARN_UNINITIALIZED_AUTOS = YES_AGGRESSIVE;
				GCC_WARN_UNUSED_FUNCTION = YES;
				GCC_WARN_UNUSED_VARIABLE = YES;
				IPHONEOS_DEPLOYMENT_TARGET = 12.2;
				MTL_ENABLE_DEBUG_INFO = INCLUDE_SOURCE;
				MTL_FAST_MATH = YES;
				ONLY_ACTIVE_ARCH = YES;
				SDKROOT = iphoneos;
				SWIFT_ACTIVE_COMPILATION_CONDITIONS = DEBUG;
				SWIFT_OPTIMIZATION_LEVEL = "-Onone";
			};
			name = Debug;
		};
		A158F9C322D1BCC400E1F6DF /* Release */ = {
			isa = XCBuildConfiguration;
			buildSettings = {
				ALWAYS_SEARCH_USER_PATHS = NO;
				CLANG_ANALYZER_NONNULL = YES;
				CLANG_ANALYZER_NUMBER_OBJECT_CONVERSION = YES_AGGRESSIVE;
				CLANG_CXX_LANGUAGE_STANDARD = "gnu++14";
				CLANG_CXX_LIBRARY = "libc++";
				CLANG_ENABLE_MODULES = YES;
				CLANG_ENABLE_OBJC_ARC = YES;
				CLANG_ENABLE_OBJC_WEAK = YES;
				CLANG_WARN_BLOCK_CAPTURE_AUTORELEASING = YES;
				CLANG_WARN_BOOL_CONVERSION = YES;
				CLANG_WARN_COMMA = YES;
				CLANG_WARN_CONSTANT_CONVERSION = YES;
				CLANG_WARN_DEPRECATED_OBJC_IMPLEMENTATIONS = YES;
				CLANG_WARN_DIRECT_OBJC_ISA_USAGE = YES_ERROR;
				CLANG_WARN_DOCUMENTATION_COMMENTS = YES;
				CLANG_WARN_EMPTY_BODY = YES;
				CLANG_WARN_ENUM_CONVERSION = YES;
				CLANG_WARN_INFINITE_RECURSION = YES;
				CLANG_WARN_INT_CONVERSION = YES;
				CLANG_WARN_NON_LITERAL_NULL_CONVERSION = YES;
				CLANG_WARN_OBJC_IMPLICIT_RETAIN_SELF = YES;
				CLANG_WARN_OBJC_LITERAL_CONVERSION = YES;
				CLANG_WARN_OBJC_ROOT_CLASS = YES_ERROR;
				CLANG_WARN_RANGE_LOOP_ANALYSIS = YES;
				CLANG_WARN_STRICT_PROTOTYPES = YES;
				CLANG_WARN_SUSPICIOUS_MOVE = YES;
				CLANG_WARN_UNGUARDED_AVAILABILITY = YES_AGGRESSIVE;
				CLANG_WARN_UNREACHABLE_CODE = YES;
				CLANG_WARN__DUPLICATE_METHOD_MATCH = YES;
				CODE_SIGN_IDENTITY = "iPhone Developer";
				COPY_PHASE_STRIP = NO;
				DEBUG_INFORMATION_FORMAT = "dwarf-with-dsym";
				ENABLE_NS_ASSERTIONS = NO;
				ENABLE_STRICT_OBJC_MSGSEND = YES;
				GCC_C_LANGUAGE_STANDARD = gnu11;
				GCC_NO_COMMON_BLOCKS = YES;
				GCC_WARN_64_TO_32_BIT_CONVERSION = YES;
				GCC_WARN_ABOUT_RETURN_TYPE = YES_ERROR;
				GCC_WARN_UNDECLARED_SELECTOR = YES;
				GCC_WARN_UNINITIALIZED_AUTOS = YES_AGGRESSIVE;
				GCC_WARN_UNUSED_FUNCTION = YES;
				GCC_WARN_UNUSED_VARIABLE = YES;
				IPHONEOS_DEPLOYMENT_TARGET = 12.2;
				MTL_ENABLE_DEBUG_INFO = NO;
				MTL_FAST_MATH = YES;
				SDKROOT = iphoneos;
				SWIFT_COMPILATION_MODE = wholemodule;
				SWIFT_OPTIMIZATION_LEVEL = "-O";
				VALIDATE_PRODUCT = YES;
			};
			name = Release;
		};
		A158F9C522D1BCC400E1F6DF /* Debug */ = {
			isa = XCBuildConfiguration;
			buildSettings = {
				ASSETCATALOG_COMPILER_APPICON_NAME = AppIcon;
				CODE_SIGN_STYLE = Automatic;
				INFOPLIST_FILE = Todolist/Info.plist;
				LD_RUNPATH_SEARCH_PATHS = (
					"$(inherited)",
					"@executable_path/Frameworks",
				);
				PRODUCT_BUNDLE_IDENTIFIER = kr.jellyms.Todolist;
				PRODUCT_NAME = "$(TARGET_NAME)";
				SWIFT_VERSION = 5.0;
				TARGETED_DEVICE_FAMILY = "1,2";
			};
			name = Debug;
		};
		A158F9C622D1BCC400E1F6DF /* Release */ = {
			isa = XCBuildConfiguration;
			buildSettings = {
				ASSETCATALOG_COMPILER_APPICON_NAME = AppIcon;
				CODE_SIGN_STYLE = Automatic;
				INFOPLIST_FILE = Todolist/Info.plist;
				LD_RUNPATH_SEARCH_PATHS = (
					"$(inherited)",
					"@executable_path/Frameworks",
				);
				PRODUCT_BUNDLE_IDENTIFIER = kr.jellyms.Todolist;
				PRODUCT_NAME = "$(TARGET_NAME)";
				SWIFT_VERSION = 5.0;
				TARGETED_DEVICE_FAMILY = "1,2";
			};
			name = Release;
		};
		A158F9C822D1BCC400E1F6DF /* Debug */ = {
			isa = XCBuildConfiguration;
			buildSettings = {
				ALWAYS_EMBED_SWIFT_STANDARD_LIBRARIES = YES;
				BUNDLE_LOADER = "$(TEST_HOST)";
				CODE_SIGN_STYLE = Automatic;
				INFOPLIST_FILE = TodolistTests/Info.plist;
				LD_RUNPATH_SEARCH_PATHS = (
					"$(inherited)",
					"@executable_path/Frameworks",
					"@loader_path/Frameworks",
				);
				PRODUCT_BUNDLE_IDENTIFIER = kr.jellyms.TodolistTests;
				PRODUCT_NAME = "$(TARGET_NAME)";
				SWIFT_VERSION = 5.0;
				TARGETED_DEVICE_FAMILY = "1,2";
				TEST_HOST = "$(BUILT_PRODUCTS_DIR)/Todolist.app/Todolist";
			};
			name = Debug;
		};
		A158F9C922D1BCC400E1F6DF /* Release */ = {
			isa = XCBuildConfiguration;
			buildSettings = {
				ALWAYS_EMBED_SWIFT_STANDARD_LIBRARIES = YES;
				BUNDLE_LOADER = "$(TEST_HOST)";
				CODE_SIGN_STYLE = Automatic;
				INFOPLIST_FILE = TodolistTests/Info.plist;
				LD_RUNPATH_SEARCH_PATHS = (
					"$(inherited)",
					"@executable_path/Frameworks",
					"@loader_path/Frameworks",
				);
				PRODUCT_BUNDLE_IDENTIFIER = kr.jellyms.TodolistTests;
				PRODUCT_NAME = "$(TARGET_NAME)";
				SWIFT_VERSION = 5.0;
				TARGETED_DEVICE_FAMILY = "1,2";
				TEST_HOST = "$(BUILT_PRODUCTS_DIR)/Todolist.app/Todolist";
			};
			name = Release;
		};
		A158F9CB22D1BCC400E1F6DF /* Debug */ = {
			isa = XCBuildConfiguration;
			buildSettings = {
				ALWAYS_EMBED_SWIFT_STANDARD_LIBRARIES = YES;
				CODE_SIGN_STYLE = Automatic;
				INFOPLIST_FILE = TodolistUITests/Info.plist;
				LD_RUNPATH_SEARCH_PATHS = (
					"$(inherited)",
					"@executable_path/Frameworks",
					"@loader_path/Frameworks",
				);
				PRODUCT_BUNDLE_IDENTIFIER = kr.jellyms.TodolistUITests;
				PRODUCT_NAME = "$(TARGET_NAME)";
				SWIFT_VERSION = 5.0;
				TARGETED_DEVICE_FAMILY = "1,2";
				TEST_TARGET_NAME = Todolist;
			};
			name = Debug;
		};
		A158F9CC22D1BCC400E1F6DF /* Release */ = {
			isa = XCBuildConfiguration;
			buildSettings = {
				ALWAYS_EMBED_SWIFT_STANDARD_LIBRARIES = YES;
				CODE_SIGN_STYLE = Automatic;
				INFOPLIST_FILE = TodolistUITests/Info.plist;
				LD_RUNPATH_SEARCH_PATHS = (
					"$(inherited)",
					"@executable_path/Frameworks",
					"@loader_path/Frameworks",
				);
				PRODUCT_BUNDLE_IDENTIFIER = kr.jellyms.TodolistUITests;
				PRODUCT_NAME = "$(TARGET_NAME)";
				SWIFT_VERSION = 5.0;
				TARGETED_DEVICE_FAMILY = "1,2";
				TEST_TARGET_NAME = Todolist;
			};
			name = Release;
		};
/* End XCBuildConfiguration section */

/* Begin XCConfigurationList section */
		A158F99722D1BCC100E1F6DF /* Build configuration list for PBXProject "Todolist" */ = {
			isa = XCConfigurationList;
			buildConfigurations = (
				A158F9C222D1BCC400E1F6DF /* Debug */,
				A158F9C322D1BCC400E1F6DF /* Release */,
			);
			defaultConfigurationIsVisible = 0;
			defaultConfigurationName = Release;
		};
		A158F9C422D1BCC400E1F6DF /* Build configuration list for PBXNativeTarget "Todolist" */ = {
			isa = XCConfigurationList;
			buildConfigurations = (
				A158F9C522D1BCC400E1F6DF /* Debug */,
				A158F9C622D1BCC400E1F6DF /* Release */,
			);
			defaultConfigurationIsVisible = 0;
			defaultConfigurationName = Release;
		};
		A158F9C722D1BCC400E1F6DF /* Build configuration list for PBXNativeTarget "TodolistTests" */ = {
			isa = XCConfigurationList;
			buildConfigurations = (
				A158F9C822D1BCC400E1F6DF /* Debug */,
				A158F9C922D1BCC400E1F6DF /* Release */,
			);
			defaultConfigurationIsVisible = 0;
			defaultConfigurationName = Release;
		};
		A158F9CA22D1BCC400E1F6DF /* Build configuration list for PBXNativeTarget "TodolistUITests" */ = {
			isa = XCConfigurationList;
			buildConfigurations = (
				A158F9CB22D1BCC400E1F6DF /* Debug */,
				A158F9CC22D1BCC400E1F6DF /* Release */,
			);
			defaultConfigurationIsVisible = 0;
			defaultConfigurationName = Release;
		};
/* End XCConfigurationList section */
	};
	rootObject = A158F99422D1BCC100E1F6DF /* Project object */;
}
